// !$*UTF8*$!
{
	archiveVersion = 1;
	classes = {
	};
	objectVersion = 50;
	objects = {

/* Begin PBXBuildFile section */
		F18DD75327176F2700E11454 /* AppDelegate.swift in Sources */ = {isa = PBXBuildFile; fileRef = F18DD75227176F2700E11454 /* AppDelegate.swift */; };
		F18DD75527176F2700E11454 /* SceneDelegate.swift in Sources */ = {isa = PBXBuildFile; fileRef = F18DD75427176F2700E11454 /* SceneDelegate.swift */; };
		F18DD75727176F2700E11454 /* ViewController.swift in Sources */ = {isa = PBXBuildFile; fileRef = F18DD75627176F2700E11454 /* ViewController.swift */; };
		F18DD75A27176F2700E11454 /* Main.storyboard in Resources */ = {isa = PBXBuildFile; fileRef = F18DD75827176F2700E11454 /* Main.storyboard */; };
		F18DD75C27176F3400E11454 /* Assets.xcassets in Resources */ = {isa = PBXBuildFile; fileRef = F18DD75B27176F3400E11454 /* Assets.xcassets */; };
		F18DD75F27176F3400E11454 /* LaunchScreen.storyboard in Resources */ = {isa = PBXBuildFile; fileRef = F18DD75D27176F3400E11454 /* LaunchScreen.storyboard */; };
		F18DD7722717736700E11454 /* digital-7.ttf in Resources */ = {isa = PBXBuildFile; fileRef = F18DD7702717736700E11454 /* digital-7.ttf */; };
/* End PBXBuildFile section */

/* Begin PBXFileReference section */
		F18DD74F27176F2700E11454 /* DigitalClock.app */ = {isa = PBXFileReference; explicitFileType = wrapper.application; includeInIndex = 0; path = DigitalClock.app; sourceTree = BUILT_PRODUCTS_DIR; };
		F18DD75227176F2700E11454 /* AppDelegate.swift */ = {isa = PBXFileReference; lastKnownFileType = sourcecode.swift; path = AppDelegate.swift; sourceTree = "<group>"; };
		F18DD75427176F2700E11454 /* SceneDelegate.swift */ = {isa = PBXFileReference; lastKnownFileType = sourcecode.swift; path = SceneDelegate.swift; sourceTree = "<group>"; };
		F18DD75627176F2700E11454 /* ViewController.swift */ = {isa = PBXFileReference; lastKnownFileType = sourcecode.swift; path = ViewController.swift; sourceTree = "<group>"; };
		F18DD75927176F2700E11454 /* Base */ = {isa = PBXFileReference; lastKnownFileType = file.storyboard; name = Base; path = Base.lproj/Main.storyboard; sourceTree = "<group>"; };
		F18DD75B27176F3400E11454 /* Assets.xcassets */ = {isa = PBXFileReference; lastKnownFileType = folder.assetcatalog; path = Assets.xcassets; sourceTree = "<group>"; };
		F18DD75E27176F3400E11454 /* Base */ = {isa = PBXFileReference; lastKnownFileType = file.storyboard; name = Base; path = Base.lproj/LaunchScreen.storyboard; sourceTree = "<group>"; };
		F18DD76027176F3400E11454 /* Info.plist */ = {isa = PBXFileReference; lastKnownFileType = text.plist.xml; path = Info.plist; sourceTree = "<group>"; };
		F18DD7702717736700E11454 /* digital-7.ttf */ = {isa = PBXFileReference; lastKnownFileType = file; path = "digital-7.ttf"; sourceTree = "<group>"; };
/* End PBXFileReference section */

/* Begin PBXFrameworksBuildPhase section */
		F18DD74C27176F2700E11454 /* Frameworks */ = {
			isa = PBXFrameworksBuildPhase;
			buildActionMask = 2147483647;
			files = (
			);
			runOnlyForDeploymentPostprocessing = 0;
		};
/* End PBXFrameworksBuildPhase section */

/* Begin PBXGroup section */
		F18DD74627176F2600E11454 = {
			isa = PBXGroup;
			children = (
				F18DD75127176F2700E11454 /* DigitalClock */,
				F18DD75027176F2700E11454 /* Products */,
			);
			sourceTree = "<group>";
		};
		F18DD75027176F2700E11454 /* Products */ = {
			isa = PBXGroup;
			children = (
				F18DD74F27176F2700E11454 /* DigitalClock.app */,
			);
			name = Products;
			sourceTree = "<group>";
		};
		F18DD75127176F2700E11454 /* DigitalClock */ = {
			isa = PBXGroup;
			children = (
				F18DD75227176F2700E11454 /* AppDelegate.swift */,
				F18DD75427176F2700E11454 /* SceneDelegate.swift */,
				F18DD75627176F2700E11454 /* ViewController.swift */,
				F18DD75827176F2700E11454 /* Main.storyboard */,
				F18DD75B27176F3400E11454 /* Assets.xcassets */,
				F18DD75D27176F3400E11454 /* LaunchScreen.storyboard */,
				F18DD76027176F3400E11454 /* Info.plist */,
				F18DD7702717736700E11454 /* digital-7.ttf */,
			);
			path = DigitalClock;
			sourceTree = "<group>";
		};
/* End PBXGroup section */

/* Begin PBXNativeTarget section */
		F18DD74E27176F2700E11454 /* DigitalClock */ = {
			isa = PBXNativeTarget;
			buildConfigurationList = F18DD76327176F3400E11454 /* Build configuration list for PBXNativeTarget "DigitalClock" */;
			buildPhases = (
				F18DD74B27176F2700E11454 /* Sources */,
				F18DD74C27176F2700E11454 /* Frameworks */,
				F18DD74D27176F2700E11454 /* Resources */,
			);
			buildRules = (
			);
			dependencies = (
			);
			name = DigitalClock;
			productName = DigitalClock;
			productReference = F18DD74F27176F2700E11454 /* DigitalClock.app */;
			productType = "com.apple.product-type.application";
		};
/* End PBXNativeTarget section */

/* Begin PBXProject section */
		F18DD74727176F2600E11454 /* Project object */ = {
			isa = PBXProject;
			attributes = {
				LastSwiftUpdateCheck = 1240;
				LastUpgradeCheck = 1240;
				TargetAttributes = {
					F18DD74E27176F2700E11454 = {
						CreatedOnToolsVersion = 12.4;
					};
				};
			};
			buildConfigurationList = F18DD74A27176F2700E11454 /* Build configuration list for PBXProject "DigitalClock" */;
			compatibilityVersion = "Xcode 9.3";
			developmentRegion = en;
			hasScannedForEncodings = 0;
			knownRegions = (
				en,
				Base,
			);
			mainGroup = F18DD74627176F2600E11454;
			productRefGroup = F18DD75027176F2700E11454 /* Products */;
			projectDirPath = "";
			projectRoot = "";
			targets = (
				F18DD74E27176F2700E11454 /* DigitalClock */,
			);
		};
/* End PBXProject section */

/* Begin PBXResourcesBuildPhase section */
		F18DD74D27176F2700E11454 /* Resources */ = {
			isa = PBXResourcesBuildPhase;
			buildActionMask = 2147483647;
			files = (
				F18DD75F27176F3400E11454 /* LaunchScreen.storyboard in Resources */,
				F18DD75C27176F3400E11454 /* Assets.xcassets in Resources */,
				F18DD7722717736700E11454 /* digital-7.ttf in Resources */,
				F18DD75A27176F2700E11454 /* Main.storyboard in Resources */,
			);
			runOnlyForDeploymentPostprocessing = 0;
		};
/* End PBXResourcesBuildPhase section */

/* Begin PBXSourcesBuildPhase section */
		F18DD74B27176F2700E11454 /* Sources */ = {
			isa = PBXSourcesBuildPhase;
			buildActionMask = 2147483647;
			files = (
				F18DD75727176F2700E11454 /* ViewController.swift in Sources */,
				F18DD75327176F2700E11454 /* AppDelegate.swift in Sources */,
				F18DD75527176F2700E11454 /* SceneDelegate.swift in Sources */,
			);
			runOnlyForDeploymentPostprocessing = 0;
		};
/* End PBXSourcesBuildPhase section */

/* Begin PBXVariantGroup section */
		F18DD75827176F2700E11454 /* Main.storyboard */ = {
			isa = PBXVariantGroup;
			children = (
				F18DD75927176F2700E11454 /* Base */,
			);
			name = Main.storyboard;
			sourceTree = "<group>";
		};
		F18DD75D27176F3400E11454 /* LaunchScreen.storyboard */ = {
			isa = PBXVariantGroup;
			children = (
				F18DD75E27176F3400E11454 /* Base */,
			);
			name = LaunchScreen.storyboard;
			sourceTree = "<group>";
		};
/* End PBXVariantGroup section */

/* Begin XCBuildConfiguration section */
		F18DD76127176F3400E11454 /* Debug */ = {
			isa = XCBuildConfiguration;
			buildSettings = {
				ALWAYS_SEARCH_USER_PATHS = NO;
				CLANG_ANALYZER_NONNULL = YES;
				CLANG_ANALYZER_NUMBER_OBJECT_CONVERSION = YES_AGGRESSIVE;
				CLANG_CXX_LANGUAGE_STANDARD = "gnu++14";
				CLANG_CXX_LIBRARY = "libc++";
				CLANG_ENABLE_MODULES = YES;
				CLANG_ENABLE_OBJC_ARC = YES;
				CLANG_ENABLE_OBJC_WEAK = YES;
				CLANG_WARN_BLOCK_CAPTURE_AUTORELEASING = YES;
				CLANG_WARN_BOOL_CONVERSION = YES;
				CLANG_WARN_COMMA = YES;
				CLANG_WARN_CONSTANT_CONVERSION = YES;
				CLANG_WARN_DEPRECATED_OBJC_IMPLEMENTATIONS = YES;
				CLANG_WARN_DIRECT_OBJC_ISA_USAGE = YES_ERROR;
				CLANG_WARN_DOCUMENTATION_COMMENTS = YES;
				CLANG_WARN_EMPTY_BODY = YES;
				CLANG_WARN_ENUM_CONVERSION = YES;
				CLANG_WARN_INFINITE_RECURSION = YES;
				CLANG_WARN_INT_CONVERSION = YES;
				CLANG_WARN_NON_LITERAL_NULL_CONVERSION = YES;
				CLANG_WARN_OBJC_IMPLICIT_RETAIN_SELF = YES;
				CLANG_WARN_OBJC_LITERAL_CONVERSION = YES;
				CLANG_WARN_OBJC_ROOT_CLASS = YES_ERROR;
				CLANG_WARN_QUOTED_INCLUDE_IN_FRAMEWORK_HEADER = YES;
				CLANG_WARN_RANGE_LOOP_ANALYSIS = YES;
				CLANG_WARN_STRICT_PROTOTYPES = YES;
				CLANG_WARN_SUSPICIOUS_MOVE = YES;
				CLANG_WARN_UNGUARDED_AVAILABILITY = YES_AGGRESSIVE;
				CLANG_WARN_UNREACHABLE_CODE = YES;
				CLANG_WARN__DUPLICATE_METHOD_MATCH = YES;
				COPY_PHASE_STRIP = NO;
				DEBUG_INFORMATION_FORMAT = dwarf;
				ENABLE_STRICT_OBJC_MSGSEND = YES;
				ENABLE_TESTABILITY = YES;
				GCC_C_LANGUAGE_STANDARD = gnu11;
				GCC_DYNAMIC_NO_PIC = NO;
				GCC_NO_COMMON_BLOCKS = YES;
				GCC_OPTIMIZATION_LEVEL = 0;
				GCC_PREPROCESSOR_DEFINITIONS = (
					"DEBUG=1",
					"$(inherited)",
				);
				GCC_WARN_64_TO_32_BIT_CONVERSION = YES;
				GCC_WARN_ABOUT_RETURN_TYPE = YES_ERROR;
				GCC_WARN_UNDECLARED_SELECTOR = YES;
				GCC_WARN_UNINITIALIZED_AUTOS = YES_AGGRESSIVE;
				GCC_WARN_UNUSED_FUNCTION = YES;
				GCC_WARN_UNUSED_VARIABLE = YES;
				IPHONEOS_DEPLOYMENT_TARGET = 14.4;
				MTL_ENABLE_DEBUG_INFO = INCLUDE_SOURCE;
				MTL_FAST_MATH = YES;
				ONLY_ACTIVE_ARCH = YES;
				SDKROOT = iphoneos;
				SWIFT_ACTIVE_COMPILATION_CONDITIONS = DEBUG;
				SWIFT_OPTIMIZATION_LEVEL = "-Onone";
			};
			name = Debug;
		};
		F18DD76227176F3400E11454 /* Release */ = {
			isa = XCBuildConfiguration;
			buildSettings = {
				ALWAYS_SEARCH_USER_PATHS = NO;
				CLANG_ANALYZER_NONNULL = YES;
				CLANG_ANALYZER_NUMBER_OBJECT_CONVERSION = YES_AGGRESSIVE;
				CLANG_CXX_LANGUAGE_STANDARD = "gnu++14";
				CLANG_CXX_LIBRARY = "libc++";
				CLANG_ENABLE_MODULES = YES;
				CLANG_ENABLE_OBJC_ARC = YES;
				CLANG_ENABLE_OBJC_WEAK = YES;
				CLANG_WARN_BLOCK_CAPTURE_AUTORELEASING = YES;
				CLANG_WARN_BOOL_CONVERSION = YES;
				CLANG_WARN_COMMA = YES;
				CLANG_WARN_CONSTANT_CONVERSION = YES;
				CLANG_WARN_DEPRECATED_OBJC_IMPLEMENTATIONS = YES;
				CLANG_WARN_DIRECT_OBJC_ISA_USAGE = YES_ERROR;
				CLANG_WARN_DOCUMENTATION_COMMENTS = YES;
				CLANG_WARN_EMPTY_BODY = YES;
				CLANG_WARN_ENUM_CONVERSION = YES;
				CLANG_WARN_INFINITE_RECURSION = YES;
				CLANG_WARN_INT_CONVERSION = YES;
				CLANG_WARN_NON_LITERAL_NULL_CONVERSION = YES;
				CLANG_WARN_OBJC_IMPLICIT_RETAIN_SELF = YES;
				CLANG_WARN_OBJC_LITERAL_CONVERSION = YES;
				CLANG_WARN_OBJC_ROOT_CLASS = YES_ERROR;
				CLANG_WARN_QUOTED_INCLUDE_IN_FRAMEWORK_HEADER = YES;
				CLANG_WARN_RANGE_LOOP_ANALYSIS = YES;
				CLANG_WARN_STRICT_PROTOTYPES = YES;
				CLANG_WARN_SUSPICIOUS_MOVE = YES;
				CLANG_WARN_UNGUARDED_AVAILABILITY = YES_AGGRESSIVE;
				CLANG_WARN_UNREACHABLE_CODE = YES;
				CLANG_WARN__DUPLICATE_METHOD_MATCH = YES;
				COPY_PHASE_STRIP = NO;
				DEBUG_INFORMATION_FORMAT = "dwarf-with-dsym";
				ENABLE_NS_ASSERTIONS = NO;
				ENABLE_STRICT_OBJC_MSGSEND = YES;
				GCC_C_LANGUAGE_STANDARD = gnu11;
				GCC_NO_COMMON_BLOCKS = YES;
				GCC_WARN_64_TO_32_BIT_CONVERSION = YES;
				GCC_WARN_ABOUT_RETURN_TYPE = YES_ERROR;
				GCC_WARN_UNDECLARED_SELECTOR = YES;
				GCC_WARN_UNINITIALIZED_AUTOS = YES_AGGRESSIVE;
				GCC_WARN_UNUSED_FUNCTION = YES;
				GCC_WARN_UNUSED_VARIABLE = YES;
				IPHONEOS_DEPLOYMENT_TARGET = 14.4;
				MTL_ENABLE_DEBUG_INFO = NO;
				MTL_FAST_MATH = YES;
				SDKROOT = iphoneos;
				SWIFT_COMPILATION_MODE = wholemodule;
				SWIFT_OPTIMIZATION_LEVEL = "-O";
				VALIDATE_PRODUCT = YES;
			};
			name = Release;
		};
		F18DD76427176F3400E11454 /* Debug */ = {
			isa = XCBuildConfiguration;
			buildSettings = {
				ASSETCATALOG_COMPILER_APPICON_NAME = AppIcon;
				ASSETCATALOG_COMPILER_GLOBAL_ACCENT_COLOR_NAME = AccentColor;
				CODE_SIGN_STYLE = Automatic;
				DEVELOPMENT_TEAM = 6N8E8DE982;
				INFOPLIST_FILE = DigitalClock/Info.plist;
				LD_RUNPATH_SEARCH_PATHS = (
					"$(inherited)",
					"@executable_path/Frameworks",
				);
				PRODUCT_BUNDLE_IDENTIFIER = com.alapatt.DigitalClock;
				PRODUCT_NAME = "$(TARGET_NAME)";
				SWIFT_VERSION = 5.0;
				TARGETED_DEVICE_FAMILY = "1,2";
			};
			name = Debug;
		};
		F18DD76527176F3400E11454 /* Release */ = {
			isa = XCBuildConfiguration;
			buildSettings = {
				ASSETCATALOG_COMPILER_APPICON_NAME = AppIcon;
				ASSETCATALOG_COMPILER_GLOBAL_ACCENT_COLOR_NAME = AccentColor;
				CODE_SIGN_STYLE = Automatic;
				DEVELOPMENT_TEAM = 6N8E8DE982;
				INFOPLIST_FILE = DigitalClock/Info.plist;
				LD_RUNPATH_SEARCH_PATHS = (
					"$(inherited)",
					"@executable_path/Frameworks",
				);
				PRODUCT_BUNDLE_IDENTIFIER = com.alapatt.DigitalClock;
				PRODUCT_NAME = "$(TARGET_NAME)";
				SWIFT_VERSION = 5.0;
				TARGETED_DEVICE_FAMILY = "1,2";
			};
			name = Release;
		};
/* End XCBuildConfiguration section */

/* Begin XCConfigurationList section */
		F18DD74A27176F2700E11454 /* Build configuration list for PBXProject "DigitalClock" */ = {
			isa = XCConfigurationList;
			buildConfigurations = (
				F18DD76127176F3400E11454 /* Debug */,
				F18DD76227176F3400E11454 /* Release */,
			);
			defaultConfigurationIsVisible = 0;
			defaultConfigurationName = Release;
		};
		F18DD76327176F3400E11454 /* Build configuration list for PBXNativeTarget "DigitalClock" */ = {
			isa = XCConfigurationList;
			buildConfigurations = (
				F18DD76427176F3400E11454 /* Debug */,
				F18DD76527176F3400E11454 /* Release */,
			);
			defaultConfigurationIsVisible = 0;
			defaultConfigurationName = Release;
		};
/* End XCConfigurationList section */
	};
	rootObject = F18DD74727176F2600E11454 /* Project object */;
}
